
Microsoft Visual Studio Solution File, Format Version 12.00
# Visual Studio Version 17
VisualStudioVersion = 17.0.31611.283
MinimumVisualStudioVersion = 10.0.40219.1
Project("{9A19103F-16F7-4668-BE54-9A1E7A4F7556}") = "MobileTime", "MobileTime.csproj", "{CD9D67A6-EC70-4B69-A579-29F99CEDE773}"
EndProject
Global
	GlobalSection(SolutionConfigurationPlatforms) = preSolution
		Debug|Any CPU = Debug|Any CPU
		Release|Any CPU = Release|Any CPU
	EndGlobalSection
	GlobalSection(ProjectConfigurationPlatforms) = postSolution
		{CD9D67A6-EC70-4B69-A579-29F99CEDE773}.Debug|Any CPU.ActiveCfg = Debug|Any CPU
		{CD9D67A6-EC70-4B69-A579-29F99CEDE773}.Debug|Any CPU.Build.0 = Debug|Any CPU
		{CD9D67A6-EC70-4B69-A579-29F99CEDE773}.Debug|Any CPU.Deploy.0 = Debug|Any CPU
		{CD9D67A6-EC70-4B69-A579-29F99CEDE773}.Release|Any CPU.ActiveCfg = Release|Any CPU
		{CD9D67A6-EC70-4B69-A579-29F99CEDE773}.Release|Any CPU.Build.0 = Release|Any CPU
		{CD9D67A6-EC70-4B69-A579-29F99CEDE773}.Release|Any CPU.Deploy.0 = Release|Any CPU
	EndGlobalSection
	GlobalSection(SolutionProperties) = preSolution
		HideSolutionNode = FALSE
	EndGlobalSection
	GlobalSection(ExtensibilityGlobals) = postSolution
		SolutionGuid = {61F7FB11-1E47-470C-91E2-47F8143E1572}
	EndGlobalSection
	GlobalSection(TeamFoundationVersionControl) = preSolution
		SccNumberOfProjects = 2
		SccEnterpriseProvider = {4CA58AB2-18FA-4F8D-95D4-32DDF27D184C}
		SccTeamFoundationServer = https://davco-dev.davco-tech.com/tfs/davco-xamarin
		SccLocalPath0 = .
		SccProjectUniqueName1 = MobileTime.csproj
		SccLocalPath1 = .
	EndGlobalSection
EndGlobal
